
Microsoft Visual Studio Solution File, Format Version 12.00
# Visual Studio Version 17
VisualStudioVersion = 17.8.34330.188
MinimumVisualStudioVersion = 10.0.40219.1
Project("{FAE04EC0-301F-11D3-BF4B-00C04F79EFBC}") = "CareWell", "CareWell\CareWell\CareWell.csproj", "{42D9E600-B177-4F19-8B42-02385873144F}"
EndProject
Project("{FAE04EC0-301F-11D3-BF4B-00C04F79EFBC}") = "CareWell.Client", "CareWell\CareWell.Client\CareWell.Client.csproj", "{05D2A415-7F9B-4314-B1B5-6BD5E1875EB1}"
EndProject
Global
	GlobalSection(SolutionConfigurationPlatforms) = preSolution
		Debug|Any CPU = Debug|Any CPU
		Release|Any CPU = Release|Any CPU
	EndGlobalSection
	GlobalSection(ProjectConfigurationPlatforms) = postSolution
		{42D9E600-B177-4F19-8B42-02385873144F}.Debug|Any CPU.ActiveCfg = Debug|Any CPU
		{42D9E600-B177-4F19-8B42-02385873144F}.Debug|Any CPU.Build.0 = Debug|Any CPU
		{42D9E600-B177-4F19-8B42-02385873144F}.Release|Any CPU.ActiveCfg = Release|Any CPU
		{42D9E600-B177-4F19-8B42-02385873144F}.Release|Any CPU.Build.0 = Release|Any CPU
		{05D2A415-7F9B-4314-B1B5-6BD5E1875EB1}.Debug|Any CPU.ActiveCfg = Debug|Any CPU
		{05D2A415-7F9B-4314-B1B5-6BD5E1875EB1}.Debug|Any CPU.Build.0 = Debug|Any CPU
		{05D2A415-7F9B-4314-B1B5-6BD5E1875EB1}.Release|Any CPU.ActiveCfg = Release|Any CPU
		{05D2A415-7F9B-4314-B1B5-6BD5E1875EB1}.Release|Any CPU.Build.0 = Release|Any CPU
	EndGlobalSection
	GlobalSection(SolutionProperties) = preSolution
		HideSolutionNode = FALSE
	EndGlobalSection
	GlobalSection(ExtensibilityGlobals) = postSolution
		SolutionGuid = {AB4B3CB5-192F-4553-B842-2A56CE433164}
	EndGlobalSection
EndGlobal
